{
  "name": "before",
  "version": "1.0.0",
  "lockfileVersion": 1,
  "requires": true,
  "dependencies": {
    "axios": {
      "version": "0.19.0",
      "resolved": "https://registry.npmjs.org/axios/-/axios-0.19.0.tgz",
      "integrity": "sha512-1uvKqKQta3KBxIz14F2v06AEHZ/dIoeKfbTRkK1E5oqjDnuEerLmYTgJB5AiQZHJcljpg1TuRzdjDR06qNk0DQ==",
      "requires": {
        "follow-redirects": "1.5.10",
        "is-buffer": "^2.0.2"
      },
      "dependencies": {
        "is-buffer": {
          "version": "2.0.3",
          "resolved": "https://registry.npmjs.org/is-buffer/-/is-buffer-2.0.3.tgz",
          "integrity": "sha512-U15Q7MXTuZlrbymiz95PJpZxu8IlipAp4dtS3wOdgPXx3mqBnslrWU14kxfHB+Py/+2PVKSr37dMAgM2A4uArw=="
        }
      }
    },
    "follow-redirects": {
      "version": "1.5.10",
      "resolved": "https://registry.npmjs.org/follow-redirects/-/follow-redirects-1.5.10.tgz",
      "integrity": "sha512-0V5l4Cizzvqt5D44aTXbFZz+FtyXV1vrDN6qrelxtfYQKW0KO0W2T/hkE8xvGa/540LkZlkaUjO4ailYTFtHVQ==",
      "requires": {
        "debug": "=3.1.0"
      },
      "dependencies": {
        "debug": {
          "version": "3.1.0",
          "resolved": "https://registry.npmjs.org/debug/-/debug-3.1.0.tgz",
          "integrity": "sha512-OX8XqP7/1a9cqkxYw2yXss15f26NKWBpDXQd0/uK/KPqdQhxbPa994hnzjcE2VqQpDslf55723cKPUOGSmMY3g==",
          "requires": {
            "ms": "2.0.0"
          }
        },
        "ms": {
          "version": "2.0.0",
          "resolved": "https://registry.npmjs.org/ms/-/ms-2.0.0.tgz",
          "integrity": "sha1-VgiurfwAvmwpAd9fmGF4jeDVl8g="
        }
      }
    },
    "gulp": {
      "version": "4.0.2",
      "resolved": "https://registry.npm.taobao.org/gulp/download/gulp-4.0.2.tgz",
      "dev": true,
      "dependencies": {
        "glob-watcher": {
          "version": "https://registry.npm.taobao.org/glob-watcher/download/glob-watcher-5.0.3.tgz"
        },
        "gulp-cli": {
          "version": "https://registry.npm.taobao.org/gulp-cli/download/gulp-cli-2.2.0.tgz"
        },
        "undertaker": {
          "version": "https://registry.npm.taobao.org/undertaker/download/undertaker-1.2.1.tgz"
        },
        "vinyl-fs": {
          "version": "https://registry.npm.taobao.org/vinyl-fs/download/vinyl-fs-3.0.3.tgz"
        }
      }
    },
    "gulp-sass": {
      "version": "4.0.2",
      "resolved": "https://registry.npm.taobao.org/gulp-sass/download/gulp-sass-4.0.2.tgz",
      "dev": true,
      "dependencies": {
        "chalk": {
          "version": "https://registry.npm.taobao.org/chalk/download/chalk-2.4.2.tgz",
          "bundled": true
        },
        "lodash.clonedeep": {
          "version": "https://registry.npm.taobao.org/lodash.clonedeep/download/lodash.clonedeep-4.5.0.tgz",
          "bundled": true
        },
        "node-sass": {
          "version": "https://registry.npm.taobao.org/node-sass/download/node-sass-4.12.0.tgz",
          "bundled": true
        },
        "plugin-error": {
          "version": "https://registry.npm.taobao.org/plugin-error/download/plugin-error-1.0.1.tgz?cache=0&other_urls=https%3A%2F%2Fregistry.npm.taobao.org%2Fplugin-error%2Fdownload%2Fplugin-error-1.0.1.tgz",
          "bundled": true
        },
        "replace-ext": {
          "version": "https://registry.npm.taobao.org/replace-ext/download/replace-ext-1.0.0.tgz",
          "bundled": true
        },
        "strip-ansi": {
          "version": "https://registry.npm.taobao.org/strip-ansi/download/strip-ansi-4.0.0.tgz",
          "bundled": true,
          "dependencies": {
            "ansi-regex": {
              "version": "https://registry.npm.taobao.org/ansi-regex/download/ansi-regex-3.0.0.tgz"
            }
          }
        },
        "through2": {
          "version": "https://registry.npm.taobao.org/through2/download/through2-2.0.5.tgz",
          "bundled": true,
          "dependencies": {
            "readable-stream": {
              "version": "https://registry.npm.taobao.org/readable-stream/download/readable-stream-2.3.6.tgz?cache=0&other_urls=https%3A%2F%2Fregistry.npm.taobao.org%2Freadable-stream%2Fdownload%2Freadable-stream-2.3.6.tgz",
              "dependencies": {
                "core-util-is": {
                  "version": "https://registry.npm.taobao.org/core-util-is/download/core-util-is-1.0.2.tgz",
                  "bundled": true
                },
                "inherits": {
                  "version": "https://registry.npm.taobao.org/inherits/download/inherits-2.0.4.tgz",
                  "bundled": true
                },
                "isarray": {
                  "version": "https://registry.npm.taobao.org/isarray/download/isarray-1.0.0.tgz",
                  "bundled": true
                },
                "process-nextick-args": {
                  "version": "https://registry.npm.taobao.org/process-nextick-args/download/process-nextick-args-2.0.1.tgz",
                  "bundled": true
                },
                "safe-buffer": {
                  "version": "https://registry.npm.taobao.org/safe-buffer/download/safe-buffer-5.1.2.tgz",
                  "bundled": true
                },
                "string_decoder": {
                  "version": "https://registry.npm.taobao.org/string_decoder/download/string_decoder-1.1.1.tgz",
                  "bundled": true
                },
                "util-deprecate": {
                  "version": "https://registry.npm.taobao.org/util-deprecate/download/util-deprecate-1.0.2.tgz",
                  "bundled": true
                }
              }
            },
            "xtend": {
              "version": "https://registry.npm.taobao.org/xtend/download/xtend-4.0.1.tgz"
            }
          }
        },
        "vinyl-sourcemaps-apply": {
          "version": "https://registry.npm.taobao.org/vinyl-sourcemaps-apply/download/vinyl-sourcemaps-apply-0.2.1.tgz",
          "bundled": true
        }
      }
    },
    "gulp-webserver": {
      "version": "0.9.1",
      "resolved": "https://registry.npm.taobao.org/gulp-webserver/download/gulp-webserver-0.9.1.tgz",
      "dev": true,
      "dependencies": {
        "connect": {
          "version": "https://registry.npm.taobao.org/connect/download/connect-3.7.0.tgz"
        },
        "connect-livereload": {
          "version": "https://registry.npm.taobao.org/connect-livereload/download/connect-livereload-0.4.1.tgz"
        },
        "gulp-util": {
          "version": "https://registry.npm.taobao.org/gulp-util/download/gulp-util-2.2.20.tgz",
          "dependencies": {
            "chalk": {
              "version": "https://registry.npm.taobao.org/chalk/download/chalk-0.5.1.tgz",
              "bundled": true
            },
            "dateformat": {
              "version": "https://registry.npm.taobao.org/dateformat/download/dateformat-1.0.12.tgz",
              "bundled": true,
              "dependencies": {
                "get-stdin": {
                  "version": "https://registry.npm.taobao.org/get-stdin/download/get-stdin-4.0.1.tgz",
                  "bundled": true
                },
                "meow": {
                  "version": "https://registry.npm.taobao.org/meow/download/meow-3.7.0.tgz",
                  "bundled": true
                }
              }
            },
            "lodash._reinterpolate": {
              "version": "https://registry.npm.taobao.org/lodash._reinterpolate/download/lodash._reinterpolate-2.4.1.tgz",
              "bundled": true
            },
            "lodash.template": {
              "version": "https://registry.npm.taobao.org/lodash.template/download/lodash.template-2.4.1.tgz",
              "bundled": true
            },
            "minimist": {
              "version": "https://registry.npm.taobao.org/minimist/download/minimist-0.2.0.tgz?cache=0&other_urls=https%3A%2F%2Fregistry.npm.taobao.org%2Fminimist%2Fdownload%2Fminimist-0.2.0.tgz",
              "bundled": true
            },
            "multipipe": {
              "version": "https://registry.npm.taobao.org/multipipe/download/multipipe-0.1.2.tgz",
              "bundled": true
            },
            "through2": {
              "version": "https://registry.npm.taobao.org/through2/download/through2-0.5.1.tgz",
              "bundled": true
            },
            "vinyl": {
              "version": "https://registry.npm.taobao.org/vinyl/download/vinyl-0.2.3.tgz",
              "bundled": true
            }
          }
        },
        "isarray": {
          "version": "https://registry.npm.taobao.org/isarray/download/isarray-0.0.1.tgz"
        },
        "node.extend": {
          "version": "https://registry.npm.taobao.org/node.extend/download/node.extend-1.1.8.tgz"
        },
        "open": {
          "version": "https://registry.npm.taobao.org/open/download/open-0.0.5.tgz"
        },
        "proxy-middleware": {
          "version": "https://registry.npm.taobao.org/proxy-middleware/download/proxy-middleware-0.5.1.tgz"
        },
        "serve-index": {
          "version": "https://registry.npm.taobao.org/serve-index/download/serve-index-1.9.1.tgz"
        },
        "serve-static": {
          "version": "https://registry.npm.taobao.org/serve-static/download/serve-static-1.14.1.tgz"
        },
        "through2": {
          "version": "https://registry.npm.taobao.org/through2/download/through2-0.5.1.tgz",
          "dependencies": {
            "readable-stream": {
              "version": "https://registry.npm.taobao.org/readable-stream/download/readable-stream-1.0.34.tgz?cache=0&other_urls=https%3A%2F%2Fregistry.npm.taobao.org%2Freadable-stream%2Fdownload%2Freadable-stream-1.0.34.tgz"
            },
            "xtend": {
              "version": "https://registry.npm.taobao.org/xtend/download/xtend-3.0.0.tgz"
            }
          }
        },
        "tiny-lr": {
          "version": "https://registry.npm.taobao.org/tiny-lr/download/tiny-lr-0.1.4.tgz"
        },
        "watch": {
          "version": "https://registry.npm.taobao.org/watch/download/watch-0.11.0.tgz"
        }
      }
    }
  }
}
